
Microsoft Visual Studio Solution File, Format Version 12.00
# Visual Studio Version 17
VisualStudioVersion = 17.9.34728.123
MinimumVisualStudioVersion = 10.0.40219.1
Project("{FAE04EC0-301F-11D3-BF4B-00C04F79EFBC}") = "LeetCode", "LeetCode\LeetCode.csproj", "{CE0DF375-2519-4D4B-9D1F-69FD27B48DDD}"
EndProject
Global
	GlobalSection(SolutionConfigurationPlatforms) = preSolution
		Debug|Any CPU = Debug|Any CPU
		Release|Any CPU = Release|Any CPU
	EndGlobalSection
	GlobalSection(ProjectConfigurationPlatforms) = postSolution
		{CE0DF375-2519-4D4B-9D1F-69FD27B48DDD}.Debug|Any CPU.ActiveCfg = Debug|Any CPU
		{CE0DF375-2519-4D4B-9D1F-69FD27B48DDD}.Debug|Any CPU.Build.0 = Debug|Any CPU
		{CE0DF375-2519-4D4B-9D1F-69FD27B48DDD}.Release|Any CPU.ActiveCfg = Release|Any CPU
		{CE0DF375-2519-4D4B-9D1F-69FD27B48DDD}.Release|Any CPU.Build.0 = Release|Any CPU
	EndGlobalSection
	GlobalSection(SolutionProperties) = preSolution
		HideSolutionNode = FALSE
	EndGlobalSection
	GlobalSection(ExtensibilityGlobals) = postSolution
		SolutionGuid = {185E3434-12C3-473E-BB06-5769A4E0E5DA}
	EndGlobalSection
EndGlobal
